{
  "lockfileVersion": 1,
  "dependencies": {
    "ansi-regex": {
      "version": "2.1.1",
      "resolved": "https://registry.npmjs.org/ansi-regex/-/ansi-regex-2.1.1.tgz",
      "integrity": "sha1-w7M6te42DYbg5ijwRorn7yfWVN8="
    },
    "ansi-styles": {
      "version": "https://registry.npmjs.org/ansi-styles/-/ansi-styles-1.0.0.tgz",
      "integrity": "sha1-yxAt8cVvUSPquLZ817mAJ6AnkXg="
    },
    "balanced-match": {
      "version": "https://registry.npmjs.org/balanced-match/-/balanced-match-1.0.0.tgz",
      "integrity": "sha1-ibTRmasr7kneFk6gK4nORi1xt2c="
    },
    "brace-expansion": {
      "version": "https://registry.npmjs.org/brace-expansion/-/brace-expansion-1.1.8.tgz",
      "integrity": "sha1-wHshHHyVLsH479Uad+8NHTmQopI="
    },
    "builtin-modules": {
      "version": "1.1.1",
      "resolved": "https://registry.npmjs.org/builtin-modules/-/builtin-modules-1.1.1.tgz",
      "integrity": "sha1-Jw8HbFpywC9bZaR9+Uxf46J4iS8="
    },
    "camelcase": {
      "version": "4.1.0",
      "resolved": "https://registry.npmjs.org/camelcase/-/camelcase-4.1.0.tgz",
      "integrity": "sha1-1UVjW+HjPFQmScaRc+Xeas+uNN0="
    },
    "caw": {
      "version": "https://registry.npmjs.org/caw/-/caw-2.0.0.tgz",
      "integrity": "sha1-Efi93C+AFGmVLV4yJbqYSVovoP8="
    },
    "chalk": {
      "version": "https://registry.npmjs.org/chalk/-/chalk-0.4.0.tgz",
      "integrity": "sha1-UZmj3c0MHv4jvAjBsCewYXbgxk8="
    },
    "cliui": {
      "version": "3.2.0",
      "resolved": "https://registry.npmjs.org/cliui/-/cliui-3.2.0.tgz",
      "integrity": "sha1-EgYBU3qRbSmUD5NNo7SNWFo5IT0=",
      "dependencies": {
        "string-width": {
          "version": "1.0.2",
          "resolved": "https://registry.npmjs.org/string-width/-/string-width-1.0.2.tgz",
          "integrity": "sha1-EYvfW4zcUaKn5w0hHgfisLmxB9M="
        },
        "strip-ansi": {
          "version": "3.0.1",
          "resolved": "https://registry.npmjs.org/strip-ansi/-/strip-ansi-3.0.1.tgz",
          "integrity": "sha1-ajhfuIU9lS1f8F0Oiq+UJ43GPc8="
        }
      }
    },
    "code-point-at": {
      "version": "1.1.0",
      "resolved": "https://registry.npmjs.org/code-point-at/-/code-point-at-1.1.0.tgz",
      "integrity": "sha1-DQcLTQQ6W+ozovGkDi7bPZpMz3c="
    },
    "color": {
      "version": "https://registry.npmjs.org/color/-/color-1.0.3.tgz",
      "integrity": "sha1-5I6DLYXxTvaU+0aIEcLVz+cptV0="
    },
    "color-convert": {
      "version": "https://registry.npmjs.org/color-convert/-/color-convert-1.9.0.tgz",
      "integrity": "sha1-Gsz5fdc5uYO/mU1W/sj5WFNkG3o="
    },
    "color-name": {
      "version": "https://registry.npmjs.org/color-name/-/color-name-1.1.2.tgz",
      "integrity": "sha1-XIq3K2S9IhXWF66VWeuxSEdc+Y0="
    },
    "color-string": {
      "version": "https://registry.npmjs.org/color-string/-/color-string-1.5.2.tgz",
      "integrity": "sha1-JuRYFLw8mny9Z1FkikFDRRSnc6k="
    },
    "concat-map": {
      "version": "https://registry.npmjs.org/concat-map/-/concat-map-0.0.1.tgz",
      "integrity": "sha1-2Klr13/Wjfd5OnMDajug1UBdR3s="
    },
    "cross-spawn": {
      "version": "4.0.2",
      "resolved": "https://registry.npmjs.org/cross-spawn/-/cross-spawn-4.0.2.tgz",
      "integrity": "sha1-e5JHYhwjrf3ThWAEqCPL45dCTUE="
    },
    "decamelize": {
      "version": "1.2.0",
      "resolved": "https://registry.npmjs.org/decamelize/-/decamelize-1.2.0.tgz",
      "integrity": "sha1-9lNNFRSCabIDUue+4m9QH5oZEpA="
    },
    "decompress-response": {
      "version": "https://registry.npmjs.org/decompress-response/-/decompress-response-3.3.0.tgz",
      "integrity": "sha1-gKTdMjdIOEv6JICDYirt7Jgq3/M="
    },
    "deep-extend": {
      "version": "https://registry.npmjs.org/deep-extend/-/deep-extend-0.4.2.tgz",
      "integrity": "sha1-SLaZwn4zS/ifEIkr5DL25MfTSn8="
    },
    "duplexer3": {
      "version": "https://registry.npmjs.org/duplexer3/-/duplexer3-0.1.4.tgz",
      "integrity": "sha1-7gHdHKwO08vH/b6jfcCo8c4ALOI="
    },
    "error-ex": {
      "version": "1.3.1",
      "resolved": "https://registry.npmjs.org/error-ex/-/error-ex-1.3.1.tgz",
      "integrity": "sha1-+FWobOYa3E6GIcPNoh56dhLDqNw=",
      "dependencies": {
        "is-arrayish": {
          "version": "0.2.1",
          "resolved": "https://registry.npmjs.org/is-arrayish/-/is-arrayish-0.2.1.tgz",
          "integrity": "sha1-d8mYQFJ6qOyxqLppe4BkWnqSap0="
        }
      }
    },
    "escape-string-regexp": {
      "version": "1.0.5",
      "resolved": "https://registry.npmjs.org/escape-string-regexp/-/escape-string-regexp-1.0.5.tgz",
      "integrity": "sha1-G2HAViGQqN/2rjuyzwIAyhMLhtQ="
    },
    "execa": {
      "version": "0.5.1",
      "resolved": "https://registry.npmjs.org/execa/-/execa-0.5.1.tgz",
      "integrity": "sha1-3j+4XLjW6RyFvLzrFkWBeFy1ezY=",
      "dependencies": {
        "get-stream": {
          "version": "2.3.1",
          "resolved": "https://registry.npmjs.org/get-stream/-/get-stream-2.3.1.tgz",
          "integrity": "sha1-Xzj5PzRgCWZu4BUKBUFn+Rvdld4="
        }
      }
    },
    "fast-json-patch": {
      "version": "https://registry.npmjs.org/fast-json-patch/-/fast-json-patch-1.2.2.tgz",
      "integrity": "sha1-03fZfGkR290qHIC/rNoEik+Du/k="
    },
    "find-up": {
      "version": "2.1.0",
      "resolved": "https://registry.npmjs.org/find-up/-/find-up-2.1.0.tgz",
      "integrity": "sha1-RdG35QbHF93UgndaK3eSCjwMV6c="
    },
    "fs-extra": {
      "version": "https://registry.npmjs.org/fs-extra/-/fs-extra-2.1.2.tgz",
      "integrity": "sha1-BGxwFjzvmq1GsOSn+kZ/si1x3jU="
    },
    "fs.realpath": {
      "version": "1.0.0",
      "resolved": "https://registry.npmjs.org/fs.realpath/-/fs.realpath-1.0.0.tgz",
      "integrity": "sha1-FQStJSMVjKpA20onh8sBQRmU6k8="
    },
    "get-caller-file": {
      "version": "1.0.2",
      "resolved": "https://registry.npmjs.org/get-caller-file/-/get-caller-file-1.0.2.tgz",
      "integrity": "sha1-9wLmMSfn4jHBYKgMFVSstw1QR+U="
    },
    "get-proxy": {
      "version": "https://registry.npmjs.org/get-proxy/-/get-proxy-1.1.0.tgz",
      "integrity": "sha1-iUhUSRvFkbDxR9euVw9cZ4tyVus="
    },
    "get-stream": {
      "version": "https://registry.npmjs.org/get-stream/-/get-stream-3.0.0.tgz",
      "integrity": "sha1-jpQ9E1jcN1VQVOy+LtsFqhdO3hQ="
    },
    "glob": {
      "version": "7.1.2",
      "resolved": "https://registry.npmjs.org/glob/-/glob-7.1.2.tgz",
      "integrity": "sha512-MJTUg1kjuLeQCJ+ccE4Vpa6kKVXkPYJ2mOCQyUuKLcLQsdrMCpBPUi8qVE6+YuaJkozeA9NusTAw3hLr8Xe5EQ==",
      "dependencies": {
        "minimatch": {
          "version": "3.0.4",
          "resolved": "https://registry.npmjs.org/minimatch/-/minimatch-3.0.4.tgz",
          "integrity": "sha512-yJHVQEhyqPLUTgt9B83PXu6W3rx4MvvHvSUvToogpwoGDOUQ+yDrR0HRot+yOCdCO7u4hX3pWft6kWBBcqh0UA=="
        }
      }
    },
    "got": {
      "version": "https://registry.npmjs.org/got/-/got-7.0.0.tgz",
      "integrity": "sha1-gtQ59nY82xyIIbejquJ4TIjDuNM="
    },
    "graceful-fs": {
      "version": "https://registry.npmjs.org/graceful-fs/-/graceful-fs-4.1.11.tgz",
      "integrity": "sha1-Dovf5NHduIVNZOBOp8AOKgJuVlg="
    },
    "has-color": {
      "version": "https://registry.npmjs.org/has-color/-/has-color-0.1.7.tgz",
      "integrity": "sha1-ZxRKUmDDT8PMpnfQQdr1L+e3iy8="
    },
    "has-flag": {
      "version": "2.0.0",
      "resolved": "https://registry.npmjs.org/has-flag/-/has-flag-2.0.0.tgz",
      "integrity": "sha1-6CB68cx7MNRGzHC3NLXovhj4jVE="
    },
    "has-symbol-support-x": {
      "version": "https://registry.npmjs.org/has-symbol-support-x/-/has-symbol-support-x-1.2.0.tgz",
      "integrity": "sha1-5iTq1RkMNbNOTimTRN/2Q32wLOI="
    },
    "has-to-string-tag-x": {
      "version": "https://registry.npmjs.org/has-to-string-tag-x/-/has-to-string-tag-x-1.2.0.tgz",
      "integrity": "sha1-xTbcTbvr4b6dKPYk/TIPeTEp/VM="
    },
    "hosted-git-info": {
      "version": "2.5.0",
      "resolved": "https://registry.npmjs.org/hosted-git-info/-/hosted-git-info-2.5.0.tgz",
      "integrity": "sha512-pNgbURSuab90KbTqvRPsseaTxOJCZBD0a7t+haSN33piP9cCM4l0CqdzAif2hUqm716UovKB2ROmiabGAKVXyg=="
    },
    "inflight": {
      "version": "1.0.6",
      "resolved": "https://registry.npmjs.org/inflight/-/inflight-1.0.6.tgz",
      "integrity": "sha1-Sb1jMdfQLQwJvJEKEHW6gWW1bfk="
    },
    "inherits": {
      "version": "2.0.3",
      "resolved": "https://registry.npmjs.org/inherits/-/inherits-2.0.3.tgz",
      "integrity": "sha1-Yzwsg+PaQqUC9SRmAiSA9CCCYd4="
    },
    "ini": {
      "version": "https://registry.npmjs.org/ini/-/ini-1.3.4.tgz",
      "integrity": "sha1-BTfLedr1m1mhpRff9wbIbsA5Fi4="
    },
    "invert-kv": {
      "version": "1.0.0",
      "resolved": "https://registry.npmjs.org/invert-kv/-/invert-kv-1.0.0.tgz",
      "integrity": "sha1-EEqOSqym09jNFXqO+L+rLXo//bY="
    },
    "is-arrayish": {
      "version": "https://registry.npmjs.org/is-arrayish/-/is-arrayish-0.3.1.tgz",
      "integrity": "sha1-wt/DhquqDD4zxI2z/ocFnmkGXv0="
    },
    "is-builtin-module": {
      "version": "1.0.0",
      "resolved": "https://registry.npmjs.org/is-builtin-module/-/is-builtin-module-1.0.0.tgz",
      "integrity": "sha1-VAVy0096wxGfj3bDDLwbHgN6/74="
    },
    "is-fullwidth-code-point": {
      "version": "1.0.0",
      "resolved": "https://registry.npmjs.org/is-fullwidth-code-point/-/is-fullwidth-code-point-1.0.0.tgz",
      "integrity": "sha1-754xOG8DGn8NZDr4L95QxFfvAMs="
    },
    "is-object": {
      "version": "https://registry.npmjs.org/is-object/-/is-object-1.0.1.tgz",
      "integrity": "sha1-iVJojF7C/9awPsyF52ngKQMINHA="
    },
    "is-plain-obj": {
      "version": "https://registry.npmjs.org/is-plain-obj/-/is-plain-obj-1.1.0.tgz",
      "integrity": "sha1-caUMhCnfync8kqOQpKA7OfzVHT4="
    },
    "is-retry-allowed": {
      "version": "https://registry.npmjs.org/is-retry-allowed/-/is-retry-allowed-1.1.0.tgz",
      "integrity": "sha1-EaBgVotnM5REAz0BJaYaINVk+zQ="
    },
    "is-stream": {
      "version": "https://registry.npmjs.org/is-stream/-/is-stream-1.1.0.tgz",
      "integrity": "sha1-EtSj3U5o4Lec6428hBc66A2RykQ="
    },
    "isexe": {
      "version": "2.0.0",
      "resolved": "https://registry.npmjs.org/isexe/-/isexe-2.0.0.tgz",
      "integrity": "sha1-6PvzdNxVb/iUehDcsFctYz8s+hA="
    },
    "isurl": {
      "version": "https://registry.npmjs.org/isurl/-/isurl-1.0.0-alpha6.tgz",
      "integrity": "sha1-nfC4R3hmqkJdBGvo+7Qp5ktbiRU="
    },
    "jsonfile": {
      "version": "https://registry.npmjs.org/jsonfile/-/jsonfile-2.4.0.tgz",
      "integrity": "sha1-NzaitCi4e72gzIO1P6PWM6NcKug="
    },
    "jsonlint": {
      "version": "https://registry.npmjs.org/jsonlint/-/jsonlint-1.6.2.tgz",
      "integrity": "sha1-VzcEUIX1XrRVxosf9OvAG9UOiDA="
    },
    "JSV": {
      "version": "https://registry.npmjs.org/JSV/-/JSV-4.0.2.tgz",
      "integrity": "sha1-0Hf2glVx+CEy+d/67Vh7QCn+/1c="
    },
    "lcid": {
      "version": "1.0.0",
      "resolved": "https://registry.npmjs.org/lcid/-/lcid-1.0.0.tgz",
      "integrity": "sha1-MIrMr6C8SDo4Z7S28rlQYlHRuDU="
    },
    "load-json-file": {
      "version": "2.0.0",
      "resolved": "https://registry.npmjs.org/load-json-file/-/load-json-file-2.0.0.tgz",
      "integrity": "sha1-eUfkIUmvgNaWy/eXvKq8/h/inKg="
    },
    "locate-path": {
      "version": "2.0.0",
      "resolved": "https://registry.npmjs.org/locate-path/-/locate-path-2.0.0.tgz",
      "integrity": "sha1-K1aLJl7slExtnA3pw9u7ygNUzY4="
    },
    "lowercase-keys": {
      "version": "https://registry.npmjs.org/lowercase-keys/-/lowercase-keys-1.0.0.tgz",
      "integrity": "sha1-TjNms55/VFfjXxMkvfb4jQv8cwY="
    },
    "lru-cache": {
      "version": "4.1.1",
      "resolved": "https://registry.npmjs.org/lru-cache/-/lru-cache-4.1.1.tgz",
      "integrity": "sha512-q4spe4KTfsAS1SUHLO0wz8Qiyf1+vMIAgpRYioFYDMNqKfHQbg+AVDH3i4fvpl71/P1L0dBl+fQi+P37UYf0ew==",
      "dependencies": {
        "yallist": {
          "version": "2.1.2",
          "resolved": "https://registry.npmjs.org/yallist/-/yallist-2.1.2.tgz",
          "integrity": "sha1-HBH5IY8HYImkfdUS+TxmmaaoHVI="
        }
      }
    },
    "mem": {
      "version": "1.1.0",
      "resolved": "https://registry.npmjs.org/mem/-/mem-1.1.0.tgz",
      "integrity": "sha1-Xt1StIXKHZAP5kiVUFOZoN+kX3Y="
    },
    "mimic-fn": {
      "version": "1.1.0",
      "resolved": "https://registry.npmjs.org/mimic-fn/-/mimic-fn-1.1.0.tgz",
      "integrity": "sha1-5md4PZLonb00KBi1IwudYqZyrRg="
    },
    "mimic-response": {
      "version": "https://registry.npmjs.org/mimic-response/-/mimic-response-1.0.0.tgz",
      "integrity": "sha1-3z02Uqc/3ta5sLJBRub9BSNTRY4="
    },
    "minimatch": {
      "version": "https://registry.npmjs.org/minimatch/-/minimatch-3.0.3.tgz",
      "integrity": "sha1-Kk5AkLlrLbBqnX3wEFWmKnfJt3Q="
    },
    "minimist": {
      "version": "https://registry.npmjs.org/minimist/-/minimist-0.0.8.tgz",
      "integrity": "sha1-hX/Kv8M5fSYluCKCYuhqp6ARsF0="
    },
    "minipass": {
      "version": "https://registry.npmjs.org/minipass/-/minipass-2.1.1.tgz",
      "integrity": "sha1-yAyAo0kcGA1AcdjyGb0bSwKEmZ0="
    },
    "minizlib": {
      "version": "https://registry.npmjs.org/minizlib/-/minizlib-1.0.3.tgz",
      "integrity": "sha1-1cGr93vhVGGZUuJTM27Mq5sqMvU="
    },
    "mkdirp": {
      "version": "https://registry.npmjs.org/mkdirp/-/mkdirp-0.5.1.tgz",
      "integrity": "sha1-MAV0OOrGz3+MR2fzhkjWaX11yQM="
    },
    "nan": {
      "version": "https://registry.npmjs.org/nan/-/nan-2.6.2.tgz",
      "integrity": "sha1-5P805slf37WuzAjeZZb0NgWn20U="
    },
    "nomnom": {
      "version": "https://registry.npmjs.org/nomnom/-/nomnom-1.8.1.tgz",
      "integrity": "sha1-IVH3Ikcrp55Qp2/BJbuMjy5Nwqc="
    },
    "normalize-package-data": {
      "version": "2.4.0",
      "resolved": "https://registry.npmjs.org/normalize-package-data/-/normalize-package-data-2.4.0.tgz",
      "integrity": "sha512-9jjUFbTPfEy3R/ad/2oNbKtW9Hgovl5O1FvFWKkKblNXoN/Oou6+9+KKohPK13Yc3/TyunyWhJp6gvRNR/PPAw=="
    },
    "npm-run-path": {
      "version": "2.0.2",
      "resolved": "https://registry.npmjs.org/npm-run-path/-/npm-run-path-2.0.2.tgz",
      "integrity": "sha1-NakjLfo11wZ7TLLd8jV7GHFTbF8="
    },
    "number-is-nan": {
      "version": "1.0.1",
      "resolved": "https://registry.npmjs.org/number-is-nan/-/number-is-nan-1.0.1.tgz",
      "integrity": "sha1-CXtgK1NCKlIsGvuHkDGDNpQaAR0="
    },
    "object-assign": {
      "version": "4.1.1",
      "resolved": "https://registry.npmjs.org/object-assign/-/object-assign-4.1.1.tgz",
      "integrity": "sha1-IQmtx5ZYh8/AXLvUQsrIv7s2CGM="
    },
    "once": {
      "version": "1.4.0",
      "resolved": "https://registry.npmjs.org/once/-/once-1.4.0.tgz",
      "integrity": "sha1-WDsap3WWHUsROsF9nFC6753Xa9E="
    },
    "os-locale": {
      "version": "2.0.0",
      "resolved": "https://registry.npmjs.org/os-locale/-/os-locale-2.0.0.tgz",
      "integrity": "sha1-FZGN7VEFIrge565aMJ1U9jn8OaQ="
    },
    "p-cancelable": {
      "version": "https://registry.npmjs.org/p-cancelable/-/p-cancelable-0.2.0.tgz",
      "integrity": "sha1-MVL08wvnYGtg6/6LuTs/32kIXkY="
    },
    "p-finally": {
      "version": "1.0.0",
      "resolved": "https://registry.npmjs.org/p-finally/-/p-finally-1.0.0.tgz",
      "integrity": "sha1-P7z7FbiZpEEjs0ttzBi3JDNqLK4="
    },
    "p-limit": {
      "version": "1.1.0",
      "resolved": "https://registry.npmjs.org/p-limit/-/p-limit-1.1.0.tgz",
      "integrity": "sha1-sH/y2aXYi+yAYDWJWiurZqJ5iLw="
    },
    "p-locate": {
      "version": "2.0.0",
      "resolved": "https://registry.npmjs.org/p-locate/-/p-locate-2.0.0.tgz",
      "integrity": "sha1-IKAQOyIqcMj9OcwuWAaA893l7EM="
    },
    "p-timeout": {
      "version": "https://registry.npmjs.org/p-timeout/-/p-timeout-1.1.1.tgz",
      "integrity": "sha1-0o6f35bjKIhvv/B4+IatFYxTv20="
    },
    "parse-json": {
      "version": "2.2.0",
      "resolved": "https://registry.npmjs.org/parse-json/-/parse-json-2.2.0.tgz",
      "integrity": "sha1-9ID0BDTvgHQfhGkJn43qGPVaTck="
    },
    "path-exists": {
      "version": "3.0.0",
      "resolved": "https://registry.npmjs.org/path-exists/-/path-exists-3.0.0.tgz",
      "integrity": "sha1-zg6+ql94yxiSXqfYENe1mwEP1RU="
    },
    "path-is-absolute": {
      "version": "1.0.1",
      "resolved": "https://registry.npmjs.org/path-is-absolute/-/path-is-absolute-1.0.1.tgz",
      "integrity": "sha1-F0uSaHNVNP+8es5r9TpanhtcX18="
    },
    "path-key": {
      "version": "2.0.1",
      "resolved": "https://registry.npmjs.org/path-key/-/path-key-2.0.1.tgz",
      "integrity": "sha1-QRyttXTFoUDTpLGRDUDYDMn0C0A="
    },
    "path-type": {
      "version": "2.0.0",
      "resolved": "https://registry.npmjs.org/path-type/-/path-type-2.0.0.tgz",
      "integrity": "sha1-8BLMuEFbcJb8LaoQVMPXI4lZTHM="
    },
    "pify": {
      "version": "2.3.0",
      "resolved": "https://registry.npmjs.org/pify/-/pify-2.3.0.tgz",
      "integrity": "sha1-7RQaasBDqEnqWISY59yosVMw6Qw="
    },
    "pinkie": {
      "version": "2.0.4",
      "resolved": "https://registry.npmjs.org/pinkie/-/pinkie-2.0.4.tgz",
      "integrity": "sha1-clVrgM+g1IqXToDnckjoDtT3+HA="
    },
    "pinkie-promise": {
      "version": "2.0.1",
      "resolved": "https://registry.npmjs.org/pinkie-promise/-/pinkie-promise-2.0.1.tgz",
      "integrity": "sha1-ITXW36ejWMBprJsXh3YogihFD/o="
    },
    "prepend-http": {
      "version": "https://registry.npmjs.org/prepend-http/-/prepend-http-1.0.4.tgz",
      "integrity": "sha1-1PRWKwzjaW5BrFLQ4ALlemNdxtw="
    },
    "pseudomap": {
      "version": "1.0.2",
      "resolved": "https://registry.npmjs.org/pseudomap/-/pseudomap-1.0.2.tgz",
      "integrity": "sha1-8FKijacOYYkX7wqKw0wa5aaChrM="
    },
    "rc": {
      "version": "https://registry.npmjs.org/rc/-/rc-1.2.1.tgz",
      "integrity": "sha1-LgPo5C7kULjLPc5lvhv4l04d/ZU=",
      "dependencies": {
        "minimist": {
          "version": "https://registry.npmjs.org/minimist/-/minimist-1.2.0.tgz",
          "integrity": "sha1-o1AIsg9BOD7sH7kU9M1d95omQoQ="
        }
      }
    },
    "read-pkg": {
      "version": "2.0.0",
      "resolved": "https://registry.npmjs.org/read-pkg/-/read-pkg-2.0.0.tgz",
      "integrity": "sha1-jvHAYjxqbbDcZxPEv6xGMysjaPg="
    },
    "read-pkg-up": {
      "version": "2.0.0",
      "resolved": "https://registry.npmjs.org/read-pkg-up/-/read-pkg-up-2.0.0.tgz",
      "integrity": "sha1-a3KoBImE4MQeeVEP1en6mbO1Sb4="
    },
    "recursive-readdir": {
      "version": "https://registry.npmjs.org/recursive-readdir/-/recursive-readdir-2.2.1.tgz",
      "integrity": "sha1-kO8jHQd4xc4JPJpI105cVCLROpk="
    },
    "replace-in-file": {
      "version": "2.5.3",
      "resolved": "https://registry.npmjs.org/replace-in-file/-/replace-in-file-2.5.3.tgz",
      "integrity": "sha1-gq1EHunozfMnUfxFsQuDFKm6NjA=",
      "dependencies": {
        "ansi-styles": {
          "version": "3.1.0",
          "resolved": "https://registry.npmjs.org/ansi-styles/-/ansi-styles-3.1.0.tgz",
          "integrity": "sha1-CcIC1ckX7CMYjKpcnLkXnNlUd1A="
        },
        "chalk": {
          "version": "2.0.1",
          "resolved": "https://registry.npmjs.org/chalk/-/chalk-2.0.1.tgz",
          "integrity": "sha512-Mp+FXEI+FrwY/XYV45b2YD3E8i3HwnEAoFcM0qlZzq/RZ9RwWitt2Y/c7cqRAz70U7hfekqx6qNYthuKFO6K0g=="
        }
      }
    },
    "require-directory": {
      "version": "2.1.1",
      "resolved": "https://registry.npmjs.org/require-directory/-/require-directory-2.1.1.tgz",
      "integrity": "sha1-jGStX9MNqxyXbiNE/+f3kqam30I="
    },
    "require-main-filename": {
      "version": "1.0.1",
      "resolved": "https://registry.npmjs.org/require-main-filename/-/require-main-filename-1.0.1.tgz",
      "integrity": "sha1-l/cXtp1IeE9fUmpsWqj/3aBVpNE="
    },
    "safe-buffer": {
      "version": "https://registry.npmjs.org/safe-buffer/-/safe-buffer-5.1.0.tgz",
      "integrity": "sha1-/kyEYDl/nqqqWOc75GJzQIpF4iM="
    },
    "sb-buildpatches": {
      "version": "github:damianb/sb-buildpatches#3b8d07ae7bad141eba9cb489a791c1c2c726a7c9"
    },
    "sb-pngsqueeze": {
      "version": "github:damianb/sb-pngsqueeze#4303e3baccbe8c403cc249f358d0f81297487e09",
      "dependencies": {
        "fs-extra": {
          "version": "3.0.1",
          "resolved": "https://registry.npmjs.org/fs-extra/-/fs-extra-3.0.1.tgz",
          "integrity": "sha1-N5TzeMWLNC6n27sjCVEJxLO2IpE="
        },
        "jsonfile": {
          "version": "3.0.1",
          "resolved": "https://registry.npmjs.org/jsonfile/-/jsonfile-3.0.1.tgz",
          "integrity": "sha1-pezG9l9T9mLEQVx2daAzHQmS7GY="
        }
      }
    },
    "sb-validatejson": {
      "version": "github:damianb/sb-validatejson#f7c67140d826db6f63a30007df6b0c41c8987f1f",
      "dependencies": {
        "fs-extra": {
          "version": "3.0.1",
          "resolved": "https://registry.npmjs.org/fs-extra/-/fs-extra-3.0.1.tgz",
          "integrity": "sha1-N5TzeMWLNC6n27sjCVEJxLO2IpE="
        },
        "jsonfile": {
          "version": "3.0.1",
          "resolved": "https://registry.npmjs.org/jsonfile/-/jsonfile-3.0.1.tgz",
          "integrity": "sha1-pezG9l9T9mLEQVx2daAzHQmS7GY="
        }
      }
    },
    "semver": {
      "version": "https://registry.npmjs.org/semver/-/semver-5.3.0.tgz",
      "integrity": "sha1-myzl094C0XxgEq0yaqa00M9U+U8="
    },
    "set-blocking": {
      "version": "2.0.0",
      "resolved": "https://registry.npmjs.org/set-blocking/-/set-blocking-2.0.0.tgz",
      "integrity": "sha1-BF+XgtARrppoA93TgrJDkrPYkPc="
    },
    "sharp": {
      "version": "https://registry.npmjs.org/sharp/-/sharp-0.18.1.tgz",
      "integrity": "sha1-MueSJtThPp3VJdBK4k/TZy+1/t0="
    },
    "signal-exit": {
      "version": "3.0.2",
      "resolved": "https://registry.npmjs.org/signal-exit/-/signal-exit-3.0.2.tgz",
      "integrity": "sha1-tf3AjxKH6hF4Yo5BXiUTK3NkbG0="
    },
    "simple-swizzle": {
      "version": "https://registry.npmjs.org/simple-swizzle/-/simple-swizzle-0.2.2.tgz",
      "integrity": "sha1-pNprY1/8zMoz9w0Xy5JZLeleVXo="
    },
    "spdx-correct": {
      "version": "1.0.2",
      "resolved": "https://registry.npmjs.org/spdx-correct/-/spdx-correct-1.0.2.tgz",
      "integrity": "sha1-SzBz2TP/UfORLwOsVRlJikFQ20A="
    },
    "spdx-expression-parse": {
      "version": "1.0.4",
      "resolved": "https://registry.npmjs.org/spdx-expression-parse/-/spdx-expression-parse-1.0.4.tgz",
      "integrity": "sha1-m98vIOH0DtRH++JzJmGR/O1RYmw="
    },
    "spdx-license-ids": {
      "version": "1.2.2",
      "resolved": "https://registry.npmjs.org/spdx-license-ids/-/spdx-license-ids-1.2.2.tgz",
      "integrity": "sha1-yd96NCRZSt5r0RkA1ZZpbcBrrFc="
    },
    "string-width": {
      "version": "2.1.1",
      "resolved": "https://registry.npmjs.org/string-width/-/string-width-2.1.1.tgz",
      "integrity": "sha512-nOqH59deCq9SRHlxq1Aw85Jnt4w6KvLKqWVik6oA9ZklXLNIOlqg4F2yrT1MVaTjAqvVwdfeZ7w7aCvJD7ugkw==",
      "dependencies": {
        "ansi-regex": {
          "version": "3.0.0",
          "resolved": "https://registry.npmjs.org/ansi-regex/-/ansi-regex-3.0.0.tgz",
          "integrity": "sha1-7QMXwyIGT3lGbAKWa922Bas32Zg="
        },
        "is-fullwidth-code-point": {
          "version": "2.0.0",
          "resolved": "https://registry.npmjs.org/is-fullwidth-code-point/-/is-fullwidth-code-point-2.0.0.tgz",
          "integrity": "sha1-o7MKXE8ZkYMWeqq5O+764937ZU8="
        },
        "strip-ansi": {
          "version": "4.0.0",
          "resolved": "https://registry.npmjs.org/strip-ansi/-/strip-ansi-4.0.0.tgz",
          "integrity": "sha1-qEeQIusaw2iocTibY1JixQXuNo8="
        }
      }
    },
    "strip-ansi": {
      "version": "https://registry.npmjs.org/strip-ansi/-/strip-ansi-0.1.1.tgz",
      "integrity": "sha1-OeipjQRNFQZgq+SmgIrPcLt7yZE="
    },
    "strip-bom": {
      "version": "3.0.0",
      "resolved": "https://registry.npmjs.org/strip-bom/-/strip-bom-3.0.0.tgz",
      "integrity": "sha1-IzTBjpx1n3vdVv3vfprj1YjmjtM="
    },
    "strip-eof": {
      "version": "1.0.0",
      "resolved": "https://registry.npmjs.org/strip-eof/-/strip-eof-1.0.0.tgz",
      "integrity": "sha1-u0P/VZim6wXYm1n80SnJgzE2Br8="
    },
    "strip-json-comments": {
      "version": "https://registry.npmjs.org/strip-json-comments/-/strip-json-comments-2.0.1.tgz",
      "integrity": "sha1-PFMZQukIwml8DsNEhYwobHygpgo="
    },
    "supports-color": {
      "version": "4.2.0",
      "resolved": "https://registry.npmjs.org/supports-color/-/supports-color-4.2.0.tgz",
      "integrity": "sha512-Ts0Mu/A1S1aZxEJNG88I4Oc9rcZSBFNac5e27yh4j2mqbhZSSzR1Ah79EYwSn9Zuh7lrlGD2cVGzw1RKGzyLSg=="
    },
    "tar": {
      "version": "https://registry.npmjs.org/tar/-/tar-3.1.5.tgz",
      "integrity": "sha1-SYHpere61MsdXakjIEfJBHpoGu8="
    },
    "timed-out": {
      "version": "https://registry.npmjs.org/timed-out/-/timed-out-4.0.1.tgz",
      "integrity": "sha1-8y6srFoXW+ol1/q1Zas+2HQe9W8="
    },
    "tunnel-agent": {
      "version": "https://registry.npmjs.org/tunnel-agent/-/tunnel-agent-0.4.3.tgz",
      "integrity": "sha1-Y3PbdpCf5XDgjXNYM2Xtgop07us="
    },
    "underscore": {
      "version": "https://registry.npmjs.org/underscore/-/underscore-1.6.0.tgz",
      "integrity": "sha1-izixDKze9jM3uLJOT/htRa6lKag="
    },
    "universalify": {
      "version": "https://registry.npmjs.org/universalify/-/universalify-0.1.0.tgz",
      "integrity": "sha1-nrHEZR3rzGcMyU8adXYjMruWd3g="
    },
    "url-parse-lax": {
      "version": "https://registry.npmjs.org/url-parse-lax/-/url-parse-lax-1.0.0.tgz",
      "integrity": "sha1-evjzA2Rem9eaJy56FKxovAYJ2nM="
    },
    "validate-npm-package-license": {
      "version": "3.0.1",
      "resolved": "https://registry.npmjs.org/validate-npm-package-license/-/validate-npm-package-license-3.0.1.tgz",
      "integrity": "sha1-KAS6vnEq0zeUWaz74kdGqywwP7w="
    },
    "which": {
      "version": "1.2.14",
      "resolved": "https://registry.npmjs.org/which/-/which-1.2.14.tgz",
      "integrity": "sha1-mofEN48D6CfOyvGs31bHNsAcFOU="
    },
    "which-module": {
      "version": "2.0.0",
      "resolved": "https://registry.npmjs.org/which-module/-/which-module-2.0.0.tgz",
      "integrity": "sha1-2e8H3Od7mQK4o6j6SzHD4/fm6Ho="
    },
    "wrap-ansi": {
      "version": "2.1.0",
      "resolved": "https://registry.npmjs.org/wrap-ansi/-/wrap-ansi-2.1.0.tgz",
      "integrity": "sha1-2Pw9KE3QV5T+hJc8rs3Rz4JP3YU=",
      "dependencies": {
        "string-width": {
          "version": "1.0.2",
          "resolved": "https://registry.npmjs.org/string-width/-/string-width-1.0.2.tgz",
          "integrity": "sha1-EYvfW4zcUaKn5w0hHgfisLmxB9M="
        },
        "strip-ansi": {
          "version": "3.0.1",
          "resolved": "https://registry.npmjs.org/strip-ansi/-/strip-ansi-3.0.1.tgz",
          "integrity": "sha1-ajhfuIU9lS1f8F0Oiq+UJ43GPc8="
        }
      }
    },
    "wrappy": {
      "version": "1.0.2",
      "resolved": "https://registry.npmjs.org/wrappy/-/wrappy-1.0.2.tgz",
      "integrity": "sha1-tSQ9jz7BqjXxNkYFvA0QNuMKtp8="
    },
    "y18n": {
      "version": "3.2.1",
      "resolved": "https://registry.npmjs.org/y18n/-/y18n-3.2.1.tgz",
      "integrity": "sha1-bRX7qITAhnnA136I53WegR4H+kE="
    },
    "yallist": {
      "version": "https://registry.npmjs.org/yallist/-/yallist-3.0.2.tgz",
      "integrity": "sha1-hFK0u36Dx8GI2AQcGoN8dz1ti7k="
    },
    "yargs": {
      "version": "8.0.2",
      "resolved": "https://registry.npmjs.org/yargs/-/yargs-8.0.2.tgz",
      "integrity": "sha1-YpmpBVsc78lp/355wdkY3Osiw2A="
    },
    "yargs-parser": {
      "version": "7.0.0",
      "resolved": "https://registry.npmjs.org/yargs-parser/-/yargs-parser-7.0.0.tgz",
      "integrity": "sha1-jQrELxbqVd69MyyvTEA4s+P139k="
    }
  }
}
